
Microsoft Visual Studio Solution File, Format Version 12.00
# Visual Studio Version 17
VisualStudioVersion = 17.14.36623.8
MinimumVisualStudioVersion = 10.0.40219.1
Project("{8BC9CEB8-8B4A-11D0-8D11-00A0C91BC942}") = "c++ bootcamp", "c++ bootcamp\c++ bootcamp.vcxproj", "{1B26D2DC-AB54-4026-8418-A8DDFC46DBE4}"
EndProject
Project("{8BC9CEB8-8B4A-11D0-8D11-00A0C91BC942}") = "C++ bootcamp day2", "C++ bootcamp day2\C++ bootcamp day2.vcxproj", "{5F4E42CD-724F-4AC5-B730-0ADF3FDC7494}"
EndProject
Project("{8BC9CEB8-8B4A-11D0-8D11-00A0C91BC942}") = "Day3", "Day3\Day3.vcxproj", "{922A03AD-10BD-4C4C-B401-D722663FB9CE}"
EndProject
Project("{8BC9CEB8-8B4A-11D0-8D11-00A0C91BC942}") = "C++ Bootcamp day 4", "C++ Bootcamp day 4\C++ Bootcamp day 4.vcxproj", "{F1432468-822C-436C-A3AF-C1107C027DB9}"
EndProject
Global
	GlobalSection(SolutionConfigurationPlatforms) = preSolution
		Debug|x64 = Debug|x64
		Debug|x86 = Debug|x86
		Release|x64 = Release|x64
		Release|x86 = Release|x86
	EndGlobalSection
	GlobalSection(ProjectConfigurationPlatforms) = postSolution
		{1B26D2DC-AB54-4026-8418-A8DDFC46DBE4}.Debug|x64.ActiveCfg = Debug|x64
		{1B26D2DC-AB54-4026-8418-A8DDFC46DBE4}.Debug|x64.Build.0 = Debug|x64
		{1B26D2DC-AB54-4026-8418-A8DDFC46DBE4}.Debug|x86.ActiveCfg = Debug|Win32
		{1B26D2DC-AB54-4026-8418-A8DDFC46DBE4}.Debug|x86.Build.0 = Debug|Win32
		{1B26D2DC-AB54-4026-8418-A8DDFC46DBE4}.Release|x64.ActiveCfg = Release|x64
		{1B26D2DC-AB54-4026-8418-A8DDFC46DBE4}.Release|x64.Build.0 = Release|x64
		{1B26D2DC-AB54-4026-8418-A8DDFC46DBE4}.Release|x86.ActiveCfg = Release|Win32
		{1B26D2DC-AB54-4026-8418-A8DDFC46DBE4}.Release|x86.Build.0 = Release|Win32
		{5F4E42CD-724F-4AC5-B730-0ADF3FDC7494}.Debug|x64.ActiveCfg = Debug|x64
		{5F4E42CD-724F-4AC5-B730-0ADF3FDC7494}.Debug|x64.Build.0 = Debug|x64
		{5F4E42CD-724F-4AC5-B730-0ADF3FDC7494}.Debug|x86.ActiveCfg = Debug|Win32
		{5F4E42CD-724F-4AC5-B730-0ADF3FDC7494}.Debug|x86.Build.0 = Debug|Win32
		{5F4E42CD-724F-4AC5-B730-0ADF3FDC7494}.Release|x64.ActiveCfg = Release|x64
		{5F4E42CD-724F-4AC5-B730-0ADF3FDC7494}.Release|x64.Build.0 = Release|x64
		{5F4E42CD-724F-4AC5-B730-0ADF3FDC7494}.Release|x86.ActiveCfg = Release|Win32
		{5F4E42CD-724F-4AC5-B730-0ADF3FDC7494}.Release|x86.Build.0 = Release|Win32
		{922A03AD-10BD-4C4C-B401-D722663FB9CE}.Debug|x64.ActiveCfg = Debug|x64
		{922A03AD-10BD-4C4C-B401-D722663FB9CE}.Debug|x64.Build.0 = Debug|x64
		{922A03AD-10BD-4C4C-B401-D722663FB9CE}.Debug|x86.ActiveCfg = Debug|Win32
		{922A03AD-10BD-4C4C-B401-D722663FB9CE}.Debug|x86.Build.0 = Debug|Win32
		{922A03AD-10BD-4C4C-B401-D722663FB9CE}.Release|x64.ActiveCfg = Release|x64
		{922A03AD-10BD-4C4C-B401-D722663FB9CE}.Release|x64.Build.0 = Release|x64
		{922A03AD-10BD-4C4C-B401-D722663FB9CE}.Release|x86.ActiveCfg = Release|Win32
		{922A03AD-10BD-4C4C-B401-D722663FB9CE}.Release|x86.Build.0 = Release|Win32
		{F1432468-822C-436C-A3AF-C1107C027DB9}.Debug|x64.ActiveCfg = Debug|x64
		{F1432468-822C-436C-A3AF-C1107C027DB9}.Debug|x64.Build.0 = Debug|x64
		{F1432468-822C-436C-A3AF-C1107C027DB9}.Debug|x86.ActiveCfg = Debug|Win32
		{F1432468-822C-436C-A3AF-C1107C027DB9}.Debug|x86.Build.0 = Debug|Win32
		{F1432468-822C-436C-A3AF-C1107C027DB9}.Release|x64.ActiveCfg = Release|x64
		{F1432468-822C-436C-A3AF-C1107C027DB9}.Release|x64.Build.0 = Release|x64
		{F1432468-822C-436C-A3AF-C1107C027DB9}.Release|x86.ActiveCfg = Release|Win32
		{F1432468-822C-436C-A3AF-C1107C027DB9}.Release|x86.Build.0 = Release|Win32
	EndGlobalSection
	GlobalSection(SolutionProperties) = preSolution
		HideSolutionNode = FALSE
	EndGlobalSection
	GlobalSection(ExtensibilityGlobals) = postSolution
		SolutionGuid = {13863CFD-92A9-4222-A8AB-C05092868E84}
	EndGlobalSection
EndGlobal
